
Microsoft Visual Studio Solution File, Format Version 12.00
# Visual Studio Version 16
VisualStudioVersion = 16.0.29306.81
MinimumVisualStudioVersion = 10.0.40219.1
Project("{FAE04EC0-301F-11D3-BF4B-00C04F79EFBC}") = "Ag13firy", "Ag13firy\Ag13firy.csproj", "{C59DBC52-C13D-4B23-834E-90EA58081DDD}"
EndProject
Global
	GlobalSection(SolutionConfigurationPlatforms) = preSolution
		Debug|Any CPU = Debug|Any CPU
		Release|Any CPU = Release|Any CPU
	EndGlobalSection
	GlobalSection(ProjectConfigurationPlatforms) = postSolution
		{C59DBC52-C13D-4B23-834E-90EA58081DDD}.Debug|Any CPU.ActiveCfg = Debug|Any CPU
		{C59DBC52-C13D-4B23-834E-90EA58081DDD}.Debug|Any CPU.Build.0 = Debug|Any CPU
		{C59DBC52-C13D-4B23-834E-90EA58081DDD}.Release|Any CPU.ActiveCfg = Release|Any CPU
		{C59DBC52-C13D-4B23-834E-90EA58081DDD}.Release|Any CPU.Build.0 = Release|Any CPU
	EndGlobalSection
	GlobalSection(SolutionProperties) = preSolution
		HideSolutionNode = FALSE
	EndGlobalSection
	GlobalSection(ExtensibilityGlobals) = postSolution
		SolutionGuid = {793B4260-F5F4-47FA-8BA0-DE4BE08C1E60}
	EndGlobalSection
EndGlobal
